# This file is automatically @generated by Cargo.
# It is not intended for manual editing.
version = 3

[[package]]
name = "jf"
version = "0.1.0"
dependencies = [
 "tinyjson",
]

[[package]]
name = "tinyjson"
version = "2.5.1"
source = "git+https://github.com/rhysd/tinyjson.git#2311a07955cca199c73e84ae95b811994767c923"
